// !$*UTF8*$!
{
	archiveVersion = 1;
	classes = {
	};
	objectVersion = 46;
	objects = {

/* Begin PBXBuildFile section */
		8152F1161D351B4B00BB8423 /* AppDelegate.swift in Sources */ = {isa = PBXBuildFile; fileRef = 8152F1151D351B4B00BB8423 /* AppDelegate.swift */; };
		8152F11B1D351B4B00BB8423 /* Main.storyboard in Resources */ = {isa = PBXBuildFile; fileRef = 8152F1191D351B4B00BB8423 /* Main.storyboard */; };
		8152F11D1D351B4B00BB8423 /* Assets.xcassets in Resources */ = {isa = PBXBuildFile; fileRef = 8152F11C1D351B4B00BB8423 /* Assets.xcassets */; };
		8152F1201D351B4B00BB8423 /* LaunchScreen.storyboard in Resources */ = {isa = PBXBuildFile; fileRef = 8152F11E1D351B4B00BB8423 /* LaunchScreen.storyboard */; };
		8152F12B1D351B4B00BB8423 /* ProficientiOSDemoTests.swift in Sources */ = {isa = PBXBuildFile; fileRef = 8152F12A1D351B4B00BB8423 /* ProficientiOSDemoTests.swift */; };
		8152F1361D351B4B00BB8423 /* ProficientiOSDemoUITests.swift in Sources */ = {isa = PBXBuildFile; fileRef = 8152F1351D351B4B00BB8423 /* ProficientiOSDemoUITests.swift */; };
		8152F1441D353C4800BB8423 /* RootViewController.swift in Sources */ = {isa = PBXBuildFile; fileRef = 8152F1431D353C4800BB8423 /* RootViewController.swift */; };
		8189F33B1D58B344008861BD /* Ch02IndexViewController.swift in Sources */ = {isa = PBXBuildFile; fileRef = 8189F33A1D58B344008861BD /* Ch02IndexViewController.swift */; };
		8189F33D1D58B453008861BD /* CommonTableViewController.swift in Sources */ = {isa = PBXBuildFile; fileRef = 8189F33C1D58B453008861BD /* CommonTableViewController.swift */; };
		8189F33F1D58C463008861BD /* Ch03IndexViewController.swift in Sources */ = {isa = PBXBuildFile; fileRef = 8189F33E1D58C463008861BD /* Ch03IndexViewController.swift */; };
		8189F3411D58C51D008861BD /* CommonViewController.swift in Sources */ = {isa = PBXBuildFile; fileRef = 8189F3401D58C51D008861BD /* CommonViewController.swift */; };
		8189F3451D58C560008861BD /* ButtonFunViewController.swift in Sources */ = {isa = PBXBuildFile; fileRef = 8189F3431D58C560008861BD /* ButtonFunViewController.swift */; };
		8189F3461D58C560008861BD /* ButtonFunViewController.xib in Resources */ = {isa = PBXBuildFile; fileRef = 8189F3441D58C560008861BD /* ButtonFunViewController.xib */; };
/* End PBXBuildFile section */

/* Begin PBXContainerItemProxy section */
		8152F1271D351B4B00BB8423 /* PBXContainerItemProxy */ = {
			isa = PBXContainerItemProxy;
			containerPortal = 8152F10A1D351B4A00BB8423 /* Project object */;
			proxyType = 1;
			remoteGlobalIDString = 8152F1111D351B4B00BB8423;
			remoteInfo = ProficientiOSDemo;
		};
		8152F1321D351B4B00BB8423 /* PBXContainerItemProxy */ = {
			isa = PBXContainerItemProxy;
			containerPortal = 8152F10A1D351B4A00BB8423 /* Project object */;
			proxyType = 1;
			remoteGlobalIDString = 8152F1111D351B4B00BB8423;
			remoteInfo = ProficientiOSDemo;
		};
/* End PBXContainerItemProxy section */

/* Begin PBXFileReference section */
		8152F1121D351B4B00BB8423 /* ProficientiOSDemo.app */ = {isa = PBXFileReference; explicitFileType = wrapper.application; includeInIndex = 0; path = ProficientiOSDemo.app; sourceTree = BUILT_PRODUCTS_DIR; };
		8152F1151D351B4B00BB8423 /* AppDelegate.swift */ = {isa = PBXFileReference; lastKnownFileType = sourcecode.swift; path = AppDelegate.swift; sourceTree = "<group>"; };
		8152F11A1D351B4B00BB8423 /* Base */ = {isa = PBXFileReference; lastKnownFileType = file.storyboard; name = Base; path = Base.lproj/Main.storyboard; sourceTree = "<group>"; };
		8152F11C1D351B4B00BB8423 /* Assets.xcassets */ = {isa = PBXFileReference; lastKnownFileType = folder.assetcatalog; path = Assets.xcassets; sourceTree = "<group>"; };
		8152F11F1D351B4B00BB8423 /* Base */ = {isa = PBXFileReference; lastKnownFileType = file.storyboard; name = Base; path = Base.lproj/LaunchScreen.storyboard; sourceTree = "<group>"; };
		8152F1211D351B4B00BB8423 /* Info.plist */ = {isa = PBXFileReference; lastKnownFileType = text.plist.xml; path = Info.plist; sourceTree = "<group>"; };
		8152F1261D351B4B00BB8423 /* ProficientiOSDemoTests.xctest */ = {isa = PBXFileReference; explicitFileType = wrapper.cfbundle; includeInIndex = 0; path = ProficientiOSDemoTests.xctest; sourceTree = BUILT_PRODUCTS_DIR; };
		8152F12A1D351B4B00BB8423 /* ProficientiOSDemoTests.swift */ = {isa = PBXFileReference; lastKnownFileType = sourcecode.swift; path = ProficientiOSDemoTests.swift; sourceTree = "<group>"; };
		8152F12C1D351B4B00BB8423 /* Info.plist */ = {isa = PBXFileReference; lastKnownFileType = text.plist.xml; path = Info.plist; sourceTree = "<group>"; };
		8152F1311D351B4B00BB8423 /* ProficientiOSDemoUITests.xctest */ = {isa = PBXFileReference; explicitFileType = wrapper.cfbundle; includeInIndex = 0; path = ProficientiOSDemoUITests.xctest; sourceTree = BUILT_PRODUCTS_DIR; };
		8152F1351D351B4B00BB8423 /* ProficientiOSDemoUITests.swift */ = {isa = PBXFileReference; lastKnownFileType = sourcecode.swift; path = ProficientiOSDemoUITests.swift; sourceTree = "<group>"; };
		8152F1371D351B4B00BB8423 /* Info.plist */ = {isa = PBXFileReference; lastKnownFileType = text.plist.xml; path = Info.plist; sourceTree = "<group>"; };
		8152F1431D353C4800BB8423 /* RootViewController.swift */ = {isa = PBXFileReference; fileEncoding = 4; lastKnownFileType = sourcecode.swift; name = RootViewController.swift; path = ../RootViewController.swift; sourceTree = "<group>"; };
		8189F33A1D58B344008861BD /* Ch02IndexViewController.swift */ = {isa = PBXFileReference; fileEncoding = 4; lastKnownFileType = sourcecode.swift; path = Ch02IndexViewController.swift; sourceTree = "<group>"; };
		8189F33C1D58B453008861BD /* CommonTableViewController.swift */ = {isa = PBXFileReference; fileEncoding = 4; lastKnownFileType = sourcecode.swift; path = CommonTableViewController.swift; sourceTree = "<group>"; };
		8189F33E1D58C463008861BD /* Ch03IndexViewController.swift */ = {isa = PBXFileReference; fileEncoding = 4; lastKnownFileType = sourcecode.swift; path = Ch03IndexViewController.swift; sourceTree = "<group>"; };
		8189F3401D58C51D008861BD /* CommonViewController.swift */ = {isa = PBXFileReference; fileEncoding = 4; lastKnownFileType = sourcecode.swift; path = CommonViewController.swift; sourceTree = "<group>"; };
		8189F3431D58C560008861BD /* ButtonFunViewController.swift */ = {isa = PBXFileReference; fileEncoding = 4; lastKnownFileType = sourcecode.swift; path = ButtonFunViewController.swift; sourceTree = "<group>"; };
		8189F3441D58C560008861BD /* ButtonFunViewController.xib */ = {isa = PBXFileReference; fileEncoding = 4; lastKnownFileType = file.xib; path = ButtonFunViewController.xib; sourceTree = "<group>"; };
/* End PBXFileReference section */

/* Begin PBXFrameworksBuildPhase section */
		8152F10F1D351B4B00BB8423 /* Frameworks */ = {
			isa = PBXFrameworksBuildPhase;
			buildActionMask = 2147483647;
			files = (
			);
			runOnlyForDeploymentPostprocessing = 0;
		};
		8152F1231D351B4B00BB8423 /* Frameworks */ = {
			isa = PBXFrameworksBuildPhase;
			buildActionMask = 2147483647;
			files = (
			);
			runOnlyForDeploymentPostprocessing = 0;
		};
		8152F12E1D351B4B00BB8423 /* Frameworks */ = {
			isa = PBXFrameworksBuildPhase;
			buildActionMask = 2147483647;
			files = (
			);
			runOnlyForDeploymentPostprocessing = 0;
		};
/* End PBXFrameworksBuildPhase section */

/* Begin PBXGroup section */
		8152F1091D351B4A00BB8423 = {
			isa = PBXGroup;
			children = (
				8189F3391D58B344008861BD /* Chapter02 */,
				8189F3381D58B313008861BD /* Chapter03 */,
				8152F1141D351B4B00BB8423 /* ProficientiOSDemo */,
				8152F1291D351B4B00BB8423 /* ProficientiOSDemoTests */,
				8152F1341D351B4B00BB8423 /* ProficientiOSDemoUITests */,
				8152F1131D351B4B00BB8423 /* Products */,
			);
			sourceTree = "<group>";
		};
		8152F1131D351B4B00BB8423 /* Products */ = {
			isa = PBXGroup;
			children = (
				8152F1121D351B4B00BB8423 /* ProficientiOSDemo.app */,
				8152F1261D351B4B00BB8423 /* ProficientiOSDemoTests.xctest */,
				8152F1311D351B4B00BB8423 /* ProficientiOSDemoUITests.xctest */,
			);
			name = Products;
			sourceTree = "<group>";
		};
		8152F1141D351B4B00BB8423 /* ProficientiOSDemo */ = {
			isa = PBXGroup;
			children = (
				8152F1431D353C4800BB8423 /* RootViewController.swift */,
				8152F1151D351B4B00BB8423 /* AppDelegate.swift */,
				8152F1191D351B4B00BB8423 /* Main.storyboard */,
				8152F11C1D351B4B00BB8423 /* Assets.xcassets */,
				8152F11E1D351B4B00BB8423 /* LaunchScreen.storyboard */,
				8152F1211D351B4B00BB8423 /* Info.plist */,
				8189F33C1D58B453008861BD /* CommonTableViewController.swift */,
				8189F3401D58C51D008861BD /* CommonViewController.swift */,
			);
			path = ProficientiOSDemo;
			sourceTree = "<group>";
		};
		8152F1291D351B4B00BB8423 /* ProficientiOSDemoTests */ = {
			isa = PBXGroup;
			children = (
				8152F12A1D351B4B00BB8423 /* ProficientiOSDemoTests.swift */,
				8152F12C1D351B4B00BB8423 /* Info.plist */,
			);
			path = ProficientiOSDemoTests;
			sourceTree = "<group>";
		};
		8152F1341D351B4B00BB8423 /* ProficientiOSDemoUITests */ = {
			isa = PBXGroup;
			children = (
				8152F1351D351B4B00BB8423 /* ProficientiOSDemoUITests.swift */,
				8152F1371D351B4B00BB8423 /* Info.plist */,
			);
			path = ProficientiOSDemoUITests;
			sourceTree = "<group>";
		};
		8189F3381D58B313008861BD /* Chapter03 */ = {
			isa = PBXGroup;
			children = (
				8189F3421D58C529008861BD /* Button Fun */,
				8189F33E1D58C463008861BD /* Ch03IndexViewController.swift */,
			);
			name = Chapter03;
			path = ProficientiOSDemo/Chapter03;
			sourceTree = "<group>";
		};
		8189F3391D58B344008861BD /* Chapter02 */ = {
			isa = PBXGroup;
			children = (
				8189F33A1D58B344008861BD /* Ch02IndexViewController.swift */,
			);
			name = Chapter02;
			path = ProficientiOSDemo/Chapter02;
			sourceTree = "<group>";
		};
		8189F3421D58C529008861BD /* Button Fun */ = {
			isa = PBXGroup;
			children = (
				8189F3431D58C560008861BD /* ButtonFunViewController.swift */,
				8189F3441D58C560008861BD /* ButtonFunViewController.xib */,
			);
			name = "Button Fun";
			sourceTree = "<group>";
		};
/* End PBXGroup section */

/* Begin PBXNativeTarget section */
		8152F1111D351B4B00BB8423 /* ProficientiOSDemo */ = {
			isa = PBXNativeTarget;
			buildConfigurationList = 8152F13A1D351B4B00BB8423 /* Build configuration list for PBXNativeTarget "ProficientiOSDemo" */;
			buildPhases = (
				8152F10E1D351B4B00BB8423 /* Sources */,
				8152F10F1D351B4B00BB8423 /* Frameworks */,
				8152F1101D351B4B00BB8423 /* Resources */,
			);
			buildRules = (
			);
			dependencies = (
			);
			name = ProficientiOSDemo;
			productName = ProficientiOSDemo;
			productReference = 8152F1121D351B4B00BB8423 /* ProficientiOSDemo.app */;
			productType = "com.apple.product-type.application";
		};
		8152F1251D351B4B00BB8423 /* ProficientiOSDemoTests */ = {
			isa = PBXNativeTarget;
			buildConfigurationList = 8152F13D1D351B4B00BB8423 /* Build configuration list for PBXNativeTarget "ProficientiOSDemoTests" */;
			buildPhases = (
				8152F1221D351B4B00BB8423 /* Sources */,
				8152F1231D351B4B00BB8423 /* Frameworks */,
				8152F1241D351B4B00BB8423 /* Resources */,
			);
			buildRules = (
			);
			dependencies = (
				8152F1281D351B4B00BB8423 /* PBXTargetDependency */,
			);
			name = ProficientiOSDemoTests;
			productName = ProficientiOSDemoTests;
			productReference = 8152F1261D351B4B00BB8423 /* ProficientiOSDemoTests.xctest */;
			productType = "com.apple.product-type.bundle.unit-test";
		};
		8152F1301D351B4B00BB8423 /* ProficientiOSDemoUITests */ = {
			isa = PBXNativeTarget;
			buildConfigurationList = 8152F1401D351B4B00BB8423 /* Build configuration list for PBXNativeTarget "ProficientiOSDemoUITests" */;
			buildPhases = (
				8152F12D1D351B4B00BB8423 /* Sources */,
				8152F12E1D351B4B00BB8423 /* Frameworks */,
				8152F12F1D351B4B00BB8423 /* Resources */,
			);
			buildRules = (
			);
			dependencies = (
				8152F1331D351B4B00BB8423 /* PBXTargetDependency */,
			);
			name = ProficientiOSDemoUITests;
			productName = ProficientiOSDemoUITests;
			productReference = 8152F1311D351B4B00BB8423 /* ProficientiOSDemoUITests.xctest */;
			productType = "com.apple.product-type.bundle.ui-testing";
		};
/* End PBXNativeTarget section */

/* Begin PBXProject section */
		8152F10A1D351B4A00BB8423 /* Project object */ = {
			isa = PBXProject;
			attributes = {
				LastSwiftUpdateCheck = 0720;
				LastUpgradeCheck = 0720;
				ORGANIZATIONNAME = huihui;
				TargetAttributes = {
					8152F1111D351B4B00BB8423 = {
						CreatedOnToolsVersion = 7.2.1;
					};
					8152F1251D351B4B00BB8423 = {
						CreatedOnToolsVersion = 7.2.1;
						TestTargetID = 8152F1111D351B4B00BB8423;
					};
					8152F1301D351B4B00BB8423 = {
						CreatedOnToolsVersion = 7.2.1;
						TestTargetID = 8152F1111D351B4B00BB8423;
					};
				};
			};
			buildConfigurationList = 8152F10D1D351B4A00BB8423 /* Build configuration list for PBXProject "ProficientiOSDemo" */;
			compatibilityVersion = "Xcode 3.2";
			developmentRegion = English;
			hasScannedForEncodings = 0;
			knownRegions = (
				en,
				Base,
			);
			mainGroup = 8152F1091D351B4A00BB8423;
			productRefGroup = 8152F1131D351B4B00BB8423 /* Products */;
			projectDirPath = "";
			projectRoot = "";
			targets = (
				8152F1111D351B4B00BB8423 /* ProficientiOSDemo */,
				8152F1251D351B4B00BB8423 /* ProficientiOSDemoTests */,
				8152F1301D351B4B00BB8423 /* ProficientiOSDemoUITests */,
			);
		};
/* End PBXProject section */

/* Begin PBXResourcesBuildPhase section */
		8152F1101D351B4B00BB8423 /* Resources */ = {
			isa = PBXResourcesBuildPhase;
			buildActionMask = 2147483647;
			files = (
				8189F3461D58C560008861BD /* ButtonFunViewController.xib in Resources */,
				8152F1201D351B4B00BB8423 /* LaunchScreen.storyboard in Resources */,
				8152F11D1D351B4B00BB8423 /* Assets.xcassets in Resources */,
				8152F11B1D351B4B00BB8423 /* Main.storyboard in Resources */,
			);
			runOnlyForDeploymentPostprocessing = 0;
		};
		8152F1241D351B4B00BB8423 /* Resources */ = {
			isa = PBXResourcesBuildPhase;
			buildActionMask = 2147483647;
			files = (
			);
			runOnlyForDeploymentPostprocessing = 0;
		};
		8152F12F1D351B4B00BB8423 /* Resources */ = {
			isa = PBXResourcesBuildPhase;
			buildActionMask = 2147483647;
			files = (
			);
			runOnlyForDeploymentPostprocessing = 0;
		};
/* End PBXResourcesBuildPhase section */

/* Begin PBXSourcesBuildPhase section */
		8152F10E1D351B4B00BB8423 /* Sources */ = {
			isa = PBXSourcesBuildPhase;
			buildActionMask = 2147483647;
			files = (
				8189F3451D58C560008861BD /* ButtonFunViewController.swift in Sources */,
				8189F33F1D58C463008861BD /* Ch03IndexViewController.swift in Sources */,
				8152F1441D353C4800BB8423 /* RootViewController.swift in Sources */,
				8189F33B1D58B344008861BD /* Ch02IndexViewController.swift in Sources */,
				8189F3411D58C51D008861BD /* CommonViewController.swift in Sources */,
				8189F33D1D58B453008861BD /* CommonTableViewController.swift in Sources */,
				8152F1161D351B4B00BB8423 /* AppDelegate.swift in Sources */,
			);
			runOnlyForDeploymentPostprocessing = 0;
		};
		8152F1221D351B4B00BB8423 /* Sources */ = {
			isa = PBXSourcesBuildPhase;
			buildActionMask = 2147483647;
			files = (
				8152F12B1D351B4B00BB8423 /* ProficientiOSDemoTests.swift in Sources */,
			);
			runOnlyForDeploymentPostprocessing = 0;
		};
		8152F12D1D351B4B00BB8423 /* Sources */ = {
			isa = PBXSourcesBuildPhase;
			buildActionMask = 2147483647;
			files = (
				8152F1361D351B4B00BB8423 /* ProficientiOSDemoUITests.swift in Sources */,
			);
			runOnlyForDeploymentPostprocessing = 0;
		};
/* End PBXSourcesBuildPhase section */

/* Begin PBXTargetDependency section */
		8152F1281D351B4B00BB8423 /* PBXTargetDependency */ = {
			isa = PBXTargetDependency;
			target = 8152F1111D351B4B00BB8423 /* ProficientiOSDemo */;
			targetProxy = 8152F1271D351B4B00BB8423 /* PBXContainerItemProxy */;
		};
		8152F1331D351B4B00BB8423 /* PBXTargetDependency */ = {
			isa = PBXTargetDependency;
			target = 8152F1111D351B4B00BB8423 /* ProficientiOSDemo */;
			targetProxy = 8152F1321D351B4B00BB8423 /* PBXContainerItemProxy */;
		};
/* End PBXTargetDependency section */

/* Begin PBXVariantGroup section */
		8152F1191D351B4B00BB8423 /* Main.storyboard */ = {
			isa = PBXVariantGroup;
			children = (
				8152F11A1D351B4B00BB8423 /* Base */,
			);
			name = Main.storyboard;
			sourceTree = "<group>";
		};
		8152F11E1D351B4B00BB8423 /* LaunchScreen.storyboard */ = {
			isa = PBXVariantGroup;
			children = (
				8152F11F1D351B4B00BB8423 /* Base */,
			);
			name = LaunchScreen.storyboard;
			sourceTree = "<group>";
		};
/* End PBXVariantGroup section */

/* Begin XCBuildConfiguration section */
		8152F1381D351B4B00BB8423 /* Debug */ = {
			isa = XCBuildConfiguration;
			buildSettings = {
				ALWAYS_SEARCH_USER_PATHS = NO;
				CLANG_CXX_LANGUAGE_STANDARD = "gnu++0x";
				CLANG_CXX_LIBRARY = "libc++";
				CLANG_ENABLE_MODULES = YES;
				CLANG_ENABLE_OBJC_ARC = YES;
				CLANG_WARN_BOOL_CONVERSION = YES;
				CLANG_WARN_CONSTANT_CONVERSION = YES;
				CLANG_WARN_DIRECT_OBJC_ISA_USAGE = YES_ERROR;
				CLANG_WARN_EMPTY_BODY = YES;
				CLANG_WARN_ENUM_CONVERSION = YES;
				CLANG_WARN_INT_CONVERSION = YES;
				CLANG_WARN_OBJC_ROOT_CLASS = YES_ERROR;
				CLANG_WARN_UNREACHABLE_CODE = YES;
				CLANG_WARN__DUPLICATE_METHOD_MATCH = YES;
				"CODE_SIGN_IDENTITY[sdk=iphoneos*]" = "iPhone Developer";
				COPY_PHASE_STRIP = NO;
				DEBUG_INFORMATION_FORMAT = dwarf;
				ENABLE_STRICT_OBJC_MSGSEND = YES;
				ENABLE_TESTABILITY = YES;
				GCC_C_LANGUAGE_STANDARD = gnu99;
				GCC_DYNAMIC_NO_PIC = NO;
				GCC_NO_COMMON_BLOCKS = YES;
				GCC_OPTIMIZATION_LEVEL = 0;
				GCC_PREPROCESSOR_DEFINITIONS = (
					"DEBUG=1",
					"$(inherited)",
				);
				GCC_WARN_64_TO_32_BIT_CONVERSION = YES;
				GCC_WARN_ABOUT_RETURN_TYPE = YES_ERROR;
				GCC_WARN_UNDECLARED_SELECTOR = YES;
				GCC_WARN_UNINITIALIZED_AUTOS = YES_AGGRESSIVE;
				GCC_WARN_UNUSED_FUNCTION = YES;
				GCC_WARN_UNUSED_VARIABLE = YES;
				IPHONEOS_DEPLOYMENT_TARGET = 9.2;
				MTL_ENABLE_DEBUG_INFO = YES;
				ONLY_ACTIVE_ARCH = YES;
				SDKROOT = iphoneos;
				SWIFT_OPTIMIZATION_LEVEL = "-Onone";
				TARGETED_DEVICE_FAMILY = "1,2";
			};
			name = Debug;
		};
		8152F1391D351B4B00BB8423 /* Release */ = {
			isa = XCBuildConfiguration;
			buildSettings = {
				ALWAYS_SEARCH_USER_PATHS = NO;
				CLANG_CXX_LANGUAGE_STANDARD = "gnu++0x";
				CLANG_CXX_LIBRARY = "libc++";
				CLANG_ENABLE_MODULES = YES;
				CLANG_ENABLE_OBJC_ARC = YES;
				CLANG_WARN_BOOL_CONVERSION = YES;
				CLANG_WARN_CONSTANT_CONVERSION = YES;
				CLANG_WARN_DIRECT_OBJC_ISA_USAGE = YES_ERROR;
				CLANG_WARN_EMPTY_BODY = YES;
				CLANG_WARN_ENUM_CONVERSION = YES;
				CLANG_WARN_INT_CONVERSION = YES;
				CLANG_WARN_OBJC_ROOT_CLASS = YES_ERROR;
				CLANG_WARN_UNREACHABLE_CODE = YES;
				CLANG_WARN__DUPLICATE_METHOD_MATCH = YES;
				"CODE_SIGN_IDENTITY[sdk=iphoneos*]" = "iPhone Developer";
				COPY_PHASE_STRIP = NO;
				DEBUG_INFORMATION_FORMAT = "dwarf-with-dsym";
				ENABLE_NS_ASSERTIONS = NO;
				ENABLE_STRICT_OBJC_MSGSEND = YES;
				GCC_C_LANGUAGE_STANDARD = gnu99;
				GCC_NO_COMMON_BLOCKS = YES;
				GCC_WARN_64_TO_32_BIT_CONVERSION = YES;
				GCC_WARN_ABOUT_RETURN_TYPE = YES_ERROR;
				GCC_WARN_UNDECLARED_SELECTOR = YES;
				GCC_WARN_UNINITIALIZED_AUTOS = YES_AGGRESSIVE;
				GCC_WARN_UNUSED_FUNCTION = YES;
				GCC_WARN_UNUSED_VARIABLE = YES;
				IPHONEOS_DEPLOYMENT_TARGET = 9.2;
				MTL_ENABLE_DEBUG_INFO = NO;
				SDKROOT = iphoneos;
				TARGETED_DEVICE_FAMILY = "1,2";
				VALIDATE_PRODUCT = YES;
			};
			name = Release;
		};
		8152F13B1D351B4B00BB8423 /* Debug */ = {
			isa = XCBuildConfiguration;
			buildSettings = {
				ASSETCATALOG_COMPILER_APPICON_NAME = AppIcon;
				INFOPLIST_FILE = ProficientiOSDemo/Info.plist;
				LD_RUNPATH_SEARCH_PATHS = "$(inherited) @executable_path/Frameworks";
				PRODUCT_BUNDLE_IDENTIFIER = com.huihui.ProficientiOSDemo;
				PRODUCT_NAME = "$(TARGET_NAME)";
			};
			name = Debug;
		};
		8152F13C1D351B4B00BB8423 /* Release */ = {
			isa = XCBuildConfiguration;
			buildSettings = {
				ASSETCATALOG_COMPILER_APPICON_NAME = AppIcon;
				INFOPLIST_FILE = ProficientiOSDemo/Info.plist;
				LD_RUNPATH_SEARCH_PATHS = "$(inherited) @executable_path/Frameworks";
				PRODUCT_BUNDLE_IDENTIFIER = com.huihui.ProficientiOSDemo;
				PRODUCT_NAME = "$(TARGET_NAME)";
			};
			name = Release;
		};
		8152F13E1D351B4B00BB8423 /* Debug */ = {
			isa = XCBuildConfiguration;
			buildSettings = {
				BUNDLE_LOADER = "$(TEST_HOST)";
				INFOPLIST_FILE = ProficientiOSDemoTests/Info.plist;
				LD_RUNPATH_SEARCH_PATHS = "$(inherited) @executable_path/Frameworks @loader_path/Frameworks";
				PRODUCT_BUNDLE_IDENTIFIER = com.huihui.ProficientiOSDemoTests;
				PRODUCT_NAME = "$(TARGET_NAME)";
				TEST_HOST = "$(BUILT_PRODUCTS_DIR)/ProficientiOSDemo.app/ProficientiOSDemo";
			};
			name = Debug;
		};
		8152F13F1D351B4B00BB8423 /* Release */ = {
			isa = XCBuildConfiguration;
			buildSettings = {
				BUNDLE_LOADER = "$(TEST_HOST)";
				INFOPLIST_FILE = ProficientiOSDemoTests/Info.plist;
				LD_RUNPATH_SEARCH_PATHS = "$(inherited) @executable_path/Frameworks @loader_path/Frameworks";
				PRODUCT_BUNDLE_IDENTIFIER = com.huihui.ProficientiOSDemoTests;
				PRODUCT_NAME = "$(TARGET_NAME)";
				TEST_HOST = "$(BUILT_PRODUCTS_DIR)/ProficientiOSDemo.app/ProficientiOSDemo";
			};
			name = Release;
		};
		8152F1411D351B4B00BB8423 /* Debug */ = {
			isa = XCBuildConfiguration;
			buildSettings = {
				INFOPLIST_FILE = ProficientiOSDemoUITests/Info.plist;
				LD_RUNPATH_SEARCH_PATHS = "$(inherited) @executable_path/Frameworks @loader_path/Frameworks";
				PRODUCT_BUNDLE_IDENTIFIER = com.huihui.ProficientiOSDemoUITests;
				PRODUCT_NAME = "$(TARGET_NAME)";
				TEST_TARGET_NAME = ProficientiOSDemo;
				USES_XCTRUNNER = YES;
			};
			name = Debug;
		};
		8152F1421D351B4B00BB8423 /* Release */ = {
			isa = XCBuildConfiguration;
			buildSettings = {
				INFOPLIST_FILE = ProficientiOSDemoUITests/Info.plist;
				LD_RUNPATH_SEARCH_PATHS = "$(inherited) @executable_path/Frameworks @loader_path/Frameworks";
				PRODUCT_BUNDLE_IDENTIFIER = com.huihui.ProficientiOSDemoUITests;
				PRODUCT_NAME = "$(TARGET_NAME)";
				TEST_TARGET_NAME = ProficientiOSDemo;
				USES_XCTRUNNER = YES;
			};
			name = Release;
		};
/* End XCBuildConfiguration section */

/* Begin XCConfigurationList section */
		8152F10D1D351B4A00BB8423 /* Build configuration list for PBXProject "ProficientiOSDemo" */ = {
			isa = XCConfigurationList;
			buildConfigurations = (
				8152F1381D351B4B00BB8423 /* Debug */,
				8152F1391D351B4B00BB8423 /* Release */,
			);
			defaultConfigurationIsVisible = 0;
			defaultConfigurationName = Release;
		};
		8152F13A1D351B4B00BB8423 /* Build configuration list for PBXNativeTarget "ProficientiOSDemo" */ = {
			isa = XCConfigurationList;
			buildConfigurations = (
				8152F13B1D351B4B00BB8423 /* Debug */,
				8152F13C1D351B4B00BB8423 /* Release */,
			);
			defaultConfigurationIsVisible = 0;
			defaultConfigurationName = Release;
		};
		8152F13D1D351B4B00BB8423 /* Build configuration list for PBXNativeTarget "ProficientiOSDemoTests" */ = {
			isa = XCConfigurationList;
			buildConfigurations = (
				8152F13E1D351B4B00BB8423 /* Debug */,
				8152F13F1D351B4B00BB8423 /* Release */,
			);
			defaultConfigurationIsVisible = 0;
			defaultConfigurationName = Release;
		};
		8152F1401D351B4B00BB8423 /* Build configuration list for PBXNativeTarget "ProficientiOSDemoUITests" */ = {
			isa = XCConfigurationList;
			buildConfigurations = (
				8152F1411D351B4B00BB8423 /* Debug */,
				8152F1421D351B4B00BB8423 /* Release */,
			);
			defaultConfigurationIsVisible = 0;
			defaultConfigurationName = Release;
		};
/* End XCConfigurationList section */
	};
	rootObject = 8152F10A1D351B4A00BB8423 /* Project object */;
}
